
Microsoft Visual Studio Solution File, Format Version 12.00
# Visual Studio Version 17
VisualStudioVersion = 17.4.33205.214
MinimumVisualStudioVersion = 10.0.40219.1
Project("{FAE04EC0-301F-11D3-BF4B-00C04F79EFBC}") = "TestGit1", "TestGit1\TestGit1.csproj", "{258D0FFB-DF01-4DDB-8329-A8647EC65A01}"
EndProject
Global
	GlobalSection(SolutionConfigurationPlatforms) = preSolution
		Debug|Any CPU = Debug|Any CPU
		Release|Any CPU = Release|Any CPU
	EndGlobalSection
	GlobalSection(ProjectConfigurationPlatforms) = postSolution
		{258D0FFB-DF01-4DDB-8329-A8647EC65A01}.Debug|Any CPU.ActiveCfg = Debug|Any CPU
		{258D0FFB-DF01-4DDB-8329-A8647EC65A01}.Debug|Any CPU.Build.0 = Debug|Any CPU
		{258D0FFB-DF01-4DDB-8329-A8647EC65A01}.Release|Any CPU.ActiveCfg = Release|Any CPU
		{258D0FFB-DF01-4DDB-8329-A8647EC65A01}.Release|Any CPU.Build.0 = Release|Any CPU
	EndGlobalSection
	GlobalSection(SolutionProperties) = preSolution
		HideSolutionNode = FALSE
	EndGlobalSection
	GlobalSection(ExtensibilityGlobals) = postSolution
		SolutionGuid = {C7B579CA-D8D7-44E6-970F-A80037DCDC85}
	EndGlobalSection
EndGlobal
